<?xml version="1.0" encoding="utf-8"?>
<Project ToolsVersion="4.0" xmlns="http://schemas.microsoft.com/developer/msbuild/2003">
  <ItemGroup>
    <ClCompile Include="..\test\t_c_algorithms.c">
      <Filter>Source Files</Filter>
    </ClCompile>
    <ClCompile Include="..\test\t_c_array.c">
      <Filter>Source Files</Filter>
    </ClCompile>
    <ClCompile Include="..\test\t_c_deque.c">
      <Filter>Source Files</Filter>
    </ClCompile>
    <ClCompile Include="..\test\t_c_map.c">
      <Filter>Source Files</Filter>
    </ClCompile>
    <ClCompile Include="..\test\t_c_rb.c">
      <Filter>Source Files</Filter>
    </ClCompile>
    <ClCompile Include="..\test\t_c_set.c">
      <Filter>Source Files</Filter>
    </ClCompile>
    <ClCompile Include="..\test\t_c_slist.c">
      <Filter>Source Files</Filter>
    </ClCompile>
    <ClCompile Include="..\test\t_clib.c">
      <Filter>Source Files</Filter>
    </ClCompile>
  </ItemGroup>
  <ItemGroup>
    <Filter Include="Source Files">
      <UniqueIdentifier>{B4B10EE7-BF3F-325B-8FBB-8B1F07CCB69E}</UniqueIdentifier>
    </Filter>
  </ItemGroup>
</Project>